
Microsoft Visual Studio Solution File, Format Version 12.00
# Visual Studio Version 16
VisualStudioVersion = 16.0.30114.105
MinimumVisualStudioVersion = 10.0.40219.1
Project("{FAE04EC0-301F-11D3-BF4B-00C04F79EFBC}") = "SharpBoy", "SharpBoy\SharpBoy.csproj", "{F320261F-8C03-42D8-A49D-D532F1697B1B}"
EndProject
Project("{FAE04EC0-301F-11D3-BF4B-00C04F79EFBC}") = "SharpBoy.Core", "SharpBoy.Core\SharpBoy.Core.csproj", "{D17684FB-81B5-4BE7-A986-7CF8773016DA}"
EndProject
Global
	GlobalSection(SolutionConfigurationPlatforms) = preSolution
		Debug|Any CPU = Debug|Any CPU
		Release|Any CPU = Release|Any CPU
	EndGlobalSection
	GlobalSection(ProjectConfigurationPlatforms) = postSolution
		{F320261F-8C03-42D8-A49D-D532F1697B1B}.Debug|Any CPU.ActiveCfg = Debug|Any CPU
		{F320261F-8C03-42D8-A49D-D532F1697B1B}.Debug|Any CPU.Build.0 = Debug|Any CPU
		{F320261F-8C03-42D8-A49D-D532F1697B1B}.Release|Any CPU.ActiveCfg = Release|Any CPU
		{F320261F-8C03-42D8-A49D-D532F1697B1B}.Release|Any CPU.Build.0 = Release|Any CPU
		{D17684FB-81B5-4BE7-A986-7CF8773016DA}.Debug|Any CPU.ActiveCfg = Debug|Any CPU
		{D17684FB-81B5-4BE7-A986-7CF8773016DA}.Debug|Any CPU.Build.0 = Debug|Any CPU
		{D17684FB-81B5-4BE7-A986-7CF8773016DA}.Release|Any CPU.ActiveCfg = Release|Any CPU
		{D17684FB-81B5-4BE7-A986-7CF8773016DA}.Release|Any CPU.Build.0 = Release|Any CPU
	EndGlobalSection
	GlobalSection(SolutionProperties) = preSolution
		HideSolutionNode = FALSE
	EndGlobalSection
	GlobalSection(ExtensibilityGlobals) = postSolution
		SolutionGuid = {FA501829-F44E-4497-A0CD-FD81F66E68D7}
	EndGlobalSection
EndGlobal
